// !$*UTF8*$!
{
	archiveVersion = 1;
	classes = {
	};
	objectVersion = 56;
	objects = {

/* Begin PBXBuildFile section */
		C938E9E82CF3DD5000B33F31 /* WildDexApp.swift in Sources */ = {isa = PBXBuildFile; fileRef = C938E9E72CF3DD5000B33F31 /* WildDexApp.swift */; };
		C938E9EA2CF3DD5000B33F31 /* ContentView.swift in Sources */ = {isa = PBXBuildFile; fileRef = C938E9E92CF3DD5000B33F31 /* ContentView.swift */; };
		C938E9EC2CF3DD5100B33F31 /* Assets.xcassets in Resources */ = {isa = PBXBuildFile; fileRef = C938E9EB2CF3DD5100B33F31 /* Assets.xcassets */; };
		C938E9EF2CF3DD5100B33F31 /* Preview Assets.xcassets in Resources */ = {isa = PBXBuildFile; fileRef = C938E9EE2CF3DD5100B33F31 /* Preview Assets.xcassets */; };
		C93E47202CF7DAF300B5EBC7 /* curl.xcframework in Frameworks */ = {isa = PBXBuildFile; fileRef = C93E471F2CF7DAF300B5EBC7 /* curl.xcframework */; };
		C970A0482CF3F0FB005E81A0 /* HomeView.swift in Sources */ = {isa = PBXBuildFile; fileRef = C970A0472CF3F0FB005E81A0 /* HomeView.swift */; };
		C98F42C52CF8300200D546C5 /* ModelData.swift in Sources */ = {isa = PBXBuildFile; fileRef = C98F42C42CF8300200D546C5 /* ModelData.swift */; };
		C98F42C72CF8341300D546C5 /* Species.swift in Sources */ = {isa = PBXBuildFile; fileRef = C98F42C62CF8341300D546C5 /* Species.swift */; };
		C98F42C92CF874A100D546C5 /* LocationManager.swift in Sources */ = {isa = PBXBuildFile; fileRef = C98F42C82CF874A100D546C5 /* LocationManager.swift */; };
		C996E4062CF7E67500C47795 /* libz.tbd in Frameworks */ = {isa = PBXBuildFile; fileRef = C996E4052CF7E67500C47795 /* libz.tbd */; };
/* End PBXBuildFile section */

/* Begin PBXFileReference section */
		C938E9E42CF3DD5000B33F31 /* WildDex.app */ = {isa = PBXFileReference; explicitFileType = wrapper.application; includeInIndex = 0; path = WildDex.app; sourceTree = BUILT_PRODUCTS_DIR; };
		C938E9E72CF3DD5000B33F31 /* WildDexApp.swift */ = {isa = PBXFileReference; lastKnownFileType = sourcecode.swift; path = WildDexApp.swift; sourceTree = "<group>"; };
		C938E9E92CF3DD5000B33F31 /* ContentView.swift */ = {isa = PBXFileReference; lastKnownFileType = sourcecode.swift; path = ContentView.swift; sourceTree = "<group>"; };
		C938E9EB2CF3DD5100B33F31 /* Assets.xcassets */ = {isa = PBXFileReference; lastKnownFileType = folder.assetcatalog; path = Assets.xcassets; sourceTree = "<group>"; };
		C938E9EE2CF3DD5100B33F31 /* Preview Assets.xcassets */ = {isa = PBXFileReference; lastKnownFileType = folder.assetcatalog; path = "Preview Assets.xcassets"; sourceTree = "<group>"; };
		C938E9F52CF3DFD900B33F31 /* WildDex-Bridging-Header.h */ = {isa = PBXFileReference; lastKnownFileType = sourcecode.c.h; path = "WildDex-Bridging-Header.h"; sourceTree = "<group>"; };
		C93E471F2CF7DAF300B5EBC7 /* curl.xcframework */ = {isa = PBXFileReference; lastKnownFileType = wrapper.xcframework; name = curl.xcframework; path = ../../Downloads/curl.xcframework; sourceTree = "<group>"; };
		C970A0472CF3F0FB005E81A0 /* HomeView.swift */ = {isa = PBXFileReference; lastKnownFileType = sourcecode.swift; path = HomeView.swift; sourceTree = "<group>"; };
		C98F42C12CF82E5700D546C5 /* redListScraper.h */ = {isa = PBXFileReference; lastKnownFileType = sourcecode.c.h; path = redListScraper.h; sourceTree = "<group>"; };
		C98F42C22CF82E6100D546C5 /* minHeap.h */ = {isa = PBXFileReference; lastKnownFileType = sourcecode.c.h; path = minHeap.h; sourceTree = "<group>"; };
		C98F42C32CF82E8800D546C5 /* maxHeap.h */ = {isa = PBXFileReference; lastKnownFileType = sourcecode.c.h; path = maxHeap.h; sourceTree = "<group>"; };
		C98F42C42CF8300200D546C5 /* ModelData.swift */ = {isa = PBXFileReference; lastKnownFileType = sourcecode.swift; path = ModelData.swift; sourceTree = "<group>"; };
		C98F42C62CF8341300D546C5 /* Species.swift */ = {isa = PBXFileReference; lastKnownFileType = sourcecode.swift; path = Species.swift; sourceTree = "<group>"; };
		C98F42C82CF874A100D546C5 /* LocationManager.swift */ = {isa = PBXFileReference; lastKnownFileType = sourcecode.swift; path = LocationManager.swift; sourceTree = "<group>"; };
		C996E4052CF7E67500C47795 /* libz.tbd */ = {isa = PBXFileReference; lastKnownFileType = "sourcecode.text-based-dylib-definition"; name = libz.tbd; path = usr/lib/libz.tbd; sourceTree = SDKROOT; };
		C996E4082CF80A3A00C47795 /* Info.plist */ = {isa = PBXFileReference; lastKnownFileType = text.plist.xml; path = Info.plist; sourceTree = "<group>"; };
/* End PBXFileReference section */

/* Begin PBXFrameworksBuildPhase section */
		C938E9E12CF3DD5000B33F31 /* Frameworks */ = {
			isa = PBXFrameworksBuildPhase;
			buildActionMask = 2147483647;
			files = (
				C996E4062CF7E67500C47795 /* libz.tbd in Frameworks */,
				C93E47202CF7DAF300B5EBC7 /* curl.xcframework in Frameworks */,
			);
			runOnlyForDeploymentPostprocessing = 0;
		};
/* End PBXFrameworksBuildPhase section */

/* Begin PBXGroup section */
		C938E9DB2CF3DD5000B33F31 = {
			isa = PBXGroup;
			children = (
				C938E9E62CF3DD5000B33F31 /* WildDex */,
				C93E471E2CF7DAF200B5EBC7 /* Frameworks */,
				C938E9E52CF3DD5000B33F31 /* Products */,
			);
			sourceTree = "<group>";
		};
		C938E9E52CF3DD5000B33F31 /* Products */ = {
			isa = PBXGroup;
			children = (
				C938E9E42CF3DD5000B33F31 /* WildDex.app */,
			);
			name = Products;
			sourceTree = "<group>";
		};
		C938E9E62CF3DD5000B33F31 /* WildDex */ = {
			isa = PBXGroup;
			children = (
				C996E4082CF80A3A00C47795 /* Info.plist */,
				C98F42C12CF82E5700D546C5 /* redListScraper.h */,
				C98F42C22CF82E6100D546C5 /* minHeap.h */,
				C98F42C32CF82E8800D546C5 /* maxHeap.h */,
				C938E9F52CF3DFD900B33F31 /* WildDex-Bridging-Header.h */,
				C938E9E72CF3DD5000B33F31 /* WildDexApp.swift */,
				C938E9E92CF3DD5000B33F31 /* ContentView.swift */,
				C98F42C82CF874A100D546C5 /* LocationManager.swift */,
				C970A0472CF3F0FB005E81A0 /* HomeView.swift */,
				C98F42C42CF8300200D546C5 /* ModelData.swift */,
				C98F42C62CF8341300D546C5 /* Species.swift */,
				C938E9EB2CF3DD5100B33F31 /* Assets.xcassets */,
				C938E9ED2CF3DD5100B33F31 /* Preview Content */,
			);
			path = WildDex;
			sourceTree = "<group>";
		};
		C938E9ED2CF3DD5100B33F31 /* Preview Content */ = {
			isa = PBXGroup;
			children = (
				C938E9EE2CF3DD5100B33F31 /* Preview Assets.xcassets */,
			);
			path = "Preview Content";
			sourceTree = "<group>";
		};
		C93E471E2CF7DAF200B5EBC7 /* Frameworks */ = {
			isa = PBXGroup;
			children = (
				C996E4052CF7E67500C47795 /* libz.tbd */,
				C93E471F2CF7DAF300B5EBC7 /* curl.xcframework */,
			);
			name = Frameworks;
			sourceTree = "<group>";
		};
/* End PBXGroup section */

/* Begin PBXNativeTarget section */
		C938E9E32CF3DD5000B33F31 /* WildDex */ = {
			isa = PBXNativeTarget;
			buildConfigurationList = C938E9F22CF3DD5100B33F31 /* Build configuration list for PBXNativeTarget "WildDex" */;
			buildPhases = (
				C938E9E02CF3DD5000B33F31 /* Sources */,
				C938E9E12CF3DD5000B33F31 /* Frameworks */,
				C938E9E22CF3DD5000B33F31 /* Resources */,
			);
			buildRules = (
			);
			dependencies = (
			);
			name = WildDex;
			productName = WildDex;
			productReference = C938E9E42CF3DD5000B33F31 /* WildDex.app */;
			productType = "com.apple.product-type.application";
		};
/* End PBXNativeTarget section */

/* Begin PBXProject section */
		C938E9DC2CF3DD5000B33F31 /* Project object */ = {
			isa = PBXProject;
			attributes = {
				BuildIndependentTargetsInParallel = 1;
				LastSwiftUpdateCheck = 1540;
				LastUpgradeCheck = 1540;
				TargetAttributes = {
					C938E9E32CF3DD5000B33F31 = {
						CreatedOnToolsVersion = 15.4;
						LastSwiftMigration = 1540;
					};
				};
			};
			buildConfigurationList = C938E9DF2CF3DD5000B33F31 /* Build configuration list for PBXProject "WildDex" */;
			compatibilityVersion = "Xcode 14.0";
			developmentRegion = en;
			hasScannedForEncodings = 0;
			knownRegions = (
				en,
				Base,
			);
			mainGroup = C938E9DB2CF3DD5000B33F31;
			productRefGroup = C938E9E52CF3DD5000B33F31 /* Products */;
			projectDirPath = "";
			projectRoot = "";
			targets = (
				C938E9E32CF3DD5000B33F31 /* WildDex */,
			);
		};
/* End PBXProject section */

/* Begin PBXResourcesBuildPhase section */
		C938E9E22CF3DD5000B33F31 /* Resources */ = {
			isa = PBXResourcesBuildPhase;
			buildActionMask = 2147483647;
			files = (
				C938E9EF2CF3DD5100B33F31 /* Preview Assets.xcassets in Resources */,
				C938E9EC2CF3DD5100B33F31 /* Assets.xcassets in Resources */,
			);
			runOnlyForDeploymentPostprocessing = 0;
		};
/* End PBXResourcesBuildPhase section */

/* Begin PBXSourcesBuildPhase section */
		C938E9E02CF3DD5000B33F31 /* Sources */ = {
			isa = PBXSourcesBuildPhase;
			buildActionMask = 2147483647;
			files = (
				C938E9EA2CF3DD5000B33F31 /* ContentView.swift in Sources */,
				C98F42C52CF8300200D546C5 /* ModelData.swift in Sources */,
				C98F42C92CF874A100D546C5 /* LocationManager.swift in Sources */,
				C970A0482CF3F0FB005E81A0 /* HomeView.swift in Sources */,
				C98F42C72CF8341300D546C5 /* Species.swift in Sources */,
				C938E9E82CF3DD5000B33F31 /* WildDexApp.swift in Sources */,
			);
			runOnlyForDeploymentPostprocessing = 0;
		};
/* End PBXSourcesBuildPhase section */

/* Begin XCBuildConfiguration section */
		C938E9F02CF3DD5100B33F31 /* Debug */ = {
			isa = XCBuildConfiguration;
			buildSettings = {
				ALWAYS_SEARCH_USER_PATHS = NO;
				ASSETCATALOG_COMPILER_GENERATE_SWIFT_ASSET_SYMBOL_EXTENSIONS = YES;
				CLANG_ANALYZER_NONNULL = YES;
				CLANG_ANALYZER_NUMBER_OBJECT_CONVERSION = YES_AGGRESSIVE;
				CLANG_CXX_LANGUAGE_STANDARD = "gnu++20";
				CLANG_ENABLE_MODULES = YES;
				CLANG_ENABLE_OBJC_ARC = YES;
				CLANG_ENABLE_OBJC_WEAK = YES;
				CLANG_WARN_BLOCK_CAPTURE_AUTORELEASING = YES;
				CLANG_WARN_BOOL_CONVERSION = YES;
				CLANG_WARN_COMMA = YES;
				CLANG_WARN_CONSTANT_CONVERSION = YES;
				CLANG_WARN_DEPRECATED_OBJC_IMPLEMENTATIONS = YES;
				CLANG_WARN_DIRECT_OBJC_ISA_USAGE = YES_ERROR;
				CLANG_WARN_DOCUMENTATION_COMMENTS = YES;
				CLANG_WARN_EMPTY_BODY = YES;
				CLANG_WARN_ENUM_CONVERSION = YES;
				CLANG_WARN_INFINITE_RECURSION = YES;
				CLANG_WARN_INT_CONVERSION = YES;
				CLANG_WARN_NON_LITERAL_NULL_CONVERSION = YES;
				CLANG_WARN_OBJC_IMPLICIT_RETAIN_SELF = YES;
				CLANG_WARN_OBJC_LITERAL_CONVERSION = YES;
				CLANG_WARN_OBJC_ROOT_CLASS = YES_ERROR;
				CLANG_WARN_QUOTED_INCLUDE_IN_FRAMEWORK_HEADER = YES;
				CLANG_WARN_RANGE_LOOP_ANALYSIS = YES;
				CLANG_WARN_STRICT_PROTOTYPES = YES;
				CLANG_WARN_SUSPICIOUS_MOVE = YES;
				CLANG_WARN_UNGUARDED_AVAILABILITY = YES_AGGRESSIVE;
				CLANG_WARN_UNREACHABLE_CODE = YES;
				CLANG_WARN__DUPLICATE_METHOD_MATCH = YES;
				COPY_PHASE_STRIP = NO;
				DEBUG_INFORMATION_FORMAT = dwarf;
				ENABLE_STRICT_OBJC_MSGSEND = YES;
				ENABLE_TESTABILITY = YES;
				ENABLE_USER_SCRIPT_SANDBOXING = YES;
				FRAMEWORK_SEARCH_PATHS = "";
				GCC_C_LANGUAGE_STANDARD = gnu17;
				GCC_DYNAMIC_NO_PIC = NO;
				GCC_NO_COMMON_BLOCKS = YES;
				GCC_OPTIMIZATION_LEVEL = 0;
				GCC_PREPROCESSOR_DEFINITIONS = (
					"DEBUG=1",
					"$(inherited)",
				);
				GCC_WARN_64_TO_32_BIT_CONVERSION = YES;
				GCC_WARN_ABOUT_RETURN_TYPE = YES_ERROR;
				GCC_WARN_UNDECLARED_SELECTOR = YES;
				GCC_WARN_UNINITIALIZED_AUTOS = YES_AGGRESSIVE;
				GCC_WARN_UNUSED_FUNCTION = YES;
				GCC_WARN_UNUSED_VARIABLE = YES;
				IPHONEOS_DEPLOYMENT_TARGET = 17.5;
				LOCALIZATION_PREFERS_STRING_CATALOGS = YES;
				MTL_ENABLE_DEBUG_INFO = INCLUDE_SOURCE;
				MTL_FAST_MATH = YES;
				ONLY_ACTIVE_ARCH = YES;
				SDKROOT = iphoneos;
				SWIFT_ACTIVE_COMPILATION_CONDITIONS = "DEBUG $(inherited)";
				SWIFT_OBJC_INTEROP_MODE = objcxx;
				SWIFT_OPTIMIZATION_LEVEL = "-Onone";
			};
			name = Debug;
		};
		C938E9F12CF3DD5100B33F31 /* Release */ = {
			isa = XCBuildConfiguration;
			buildSettings = {
				ALWAYS_SEARCH_USER_PATHS = NO;
				ASSETCATALOG_COMPILER_GENERATE_SWIFT_ASSET_SYMBOL_EXTENSIONS = YES;
				CLANG_ANALYZER_NONNULL = YES;
				CLANG_ANALYZER_NUMBER_OBJECT_CONVERSION = YES_AGGRESSIVE;
				CLANG_CXX_LANGUAGE_STANDARD = "gnu++20";
				CLANG_ENABLE_MODULES = YES;
				CLANG_ENABLE_OBJC_ARC = YES;
				CLANG_ENABLE_OBJC_WEAK = YES;
				CLANG_WARN_BLOCK_CAPTURE_AUTORELEASING = YES;
				CLANG_WARN_BOOL_CONVERSION = YES;
				CLANG_WARN_COMMA = YES;
				CLANG_WARN_CONSTANT_CONVERSION = YES;
				CLANG_WARN_DEPRECATED_OBJC_IMPLEMENTATIONS = YES;
				CLANG_WARN_DIRECT_OBJC_ISA_USAGE = YES_ERROR;
				CLANG_WARN_DOCUMENTATION_COMMENTS = YES;
				CLANG_WARN_EMPTY_BODY = YES;
				CLANG_WARN_ENUM_CONVERSION = YES;
				CLANG_WARN_INFINITE_RECURSION = YES;
				CLANG_WARN_INT_CONVERSION = YES;
				CLANG_WARN_NON_LITERAL_NULL_CONVERSION = YES;
				CLANG_WARN_OBJC_IMPLICIT_RETAIN_SELF = YES;
				CLANG_WARN_OBJC_LITERAL_CONVERSION = YES;
				CLANG_WARN_OBJC_ROOT_CLASS = YES_ERROR;
				CLANG_WARN_QUOTED_INCLUDE_IN_FRAMEWORK_HEADER = YES;
				CLANG_WARN_RANGE_LOOP_ANALYSIS = YES;
				CLANG_WARN_STRICT_PROTOTYPES = YES;
				CLANG_WARN_SUSPICIOUS_MOVE = YES;
				CLANG_WARN_UNGUARDED_AVAILABILITY = YES_AGGRESSIVE;
				CLANG_WARN_UNREACHABLE_CODE = YES;
				CLANG_WARN__DUPLICATE_METHOD_MATCH = YES;
				COPY_PHASE_STRIP = NO;
				DEBUG_INFORMATION_FORMAT = "dwarf-with-dsym";
				ENABLE_NS_ASSERTIONS = NO;
				ENABLE_STRICT_OBJC_MSGSEND = YES;
				ENABLE_USER_SCRIPT_SANDBOXING = YES;
				FRAMEWORK_SEARCH_PATHS = "";
				GCC_C_LANGUAGE_STANDARD = gnu17;
				GCC_NO_COMMON_BLOCKS = YES;
				GCC_WARN_64_TO_32_BIT_CONVERSION = YES;
				GCC_WARN_ABOUT_RETURN_TYPE = YES_ERROR;
				GCC_WARN_UNDECLARED_SELECTOR = YES;
				GCC_WARN_UNINITIALIZED_AUTOS = YES_AGGRESSIVE;
				GCC_WARN_UNUSED_FUNCTION = YES;
				GCC_WARN_UNUSED_VARIABLE = YES;
				IPHONEOS_DEPLOYMENT_TARGET = 17.5;
				LOCALIZATION_PREFERS_STRING_CATALOGS = YES;
				MTL_ENABLE_DEBUG_INFO = NO;
				MTL_FAST_MATH = YES;
				SDKROOT = iphoneos;
				SWIFT_COMPILATION_MODE = wholemodule;
				SWIFT_OBJC_INTEROP_MODE = objcxx;
				VALIDATE_PRODUCT = YES;
			};
			name = Release;
		};
		C938E9F32CF3DD5100B33F31 /* Debug */ = {
			isa = XCBuildConfiguration;
			buildSettings = {
				ASSETCATALOG_COMPILER_APPICON_NAME = AppIcon;
				ASSETCATALOG_COMPILER_GLOBAL_ACCENT_COLOR_NAME = AccentColor;
				CLANG_ENABLE_MODULES = YES;
				CODE_SIGN_STYLE = Automatic;
				CURRENT_PROJECT_VERSION = 1;
				DEVELOPMENT_ASSET_PATHS = "\"WildDex/Preview Content\"";
				DEVELOPMENT_TEAM = N89J7P3259;
				ENABLE_PREVIEWS = YES;
				GENERATE_INFOPLIST_FILE = YES;
				INFOPLIST_FILE = WildDex/Info.plist;
				INFOPLIST_KEY_UIApplicationSceneManifest_Generation = YES;
				INFOPLIST_KEY_UIApplicationSupportsIndirectInputEvents = YES;
				INFOPLIST_KEY_UILaunchScreen_Generation = YES;
				INFOPLIST_KEY_UISupportedInterfaceOrientations = "UIInterfaceOrientationLandscapeLeft UIInterfaceOrientationLandscapeRight UIInterfaceOrientationPortrait";
				INFOPLIST_KEY_UISupportedInterfaceOrientations_iPad = "UIInterfaceOrientationLandscapeLeft UIInterfaceOrientationLandscapeRight UIInterfaceOrientationPortrait UIInterfaceOrientationPortraitUpsideDown";
				LD_RUNPATH_SEARCH_PATHS = (
					"$(inherited)",
					"@executable_path/Frameworks",
				);
				MARKETING_VERSION = 1.0;
				PRODUCT_BUNDLE_IDENTIFIER = AnimalLovers.WildDex;
				PRODUCT_NAME = "$(TARGET_NAME)";
				SWIFT_EMIT_LOC_STRINGS = YES;
				SWIFT_OBJC_BRIDGING_HEADER = "WildDex/WildDex-Bridging-Header.h";
				SWIFT_OPTIMIZATION_LEVEL = "-Onone";
				SWIFT_VERSION = 5.0;
				TARGETED_DEVICE_FAMILY = "1,2";
			};
			name = Debug;
		};
		C938E9F42CF3DD5100B33F31 /* Release */ = {
			isa = XCBuildConfiguration;
			buildSettings = {
				ASSETCATALOG_COMPILER_APPICON_NAME = AppIcon;
				ASSETCATALOG_COMPILER_GLOBAL_ACCENT_COLOR_NAME = AccentColor;
				CLANG_ENABLE_MODULES = YES;
				CODE_SIGN_STYLE = Automatic;
				CURRENT_PROJECT_VERSION = 1;
				DEVELOPMENT_ASSET_PATHS = "\"WildDex/Preview Content\"";
				DEVELOPMENT_TEAM = N89J7P3259;
				ENABLE_PREVIEWS = YES;
				GENERATE_INFOPLIST_FILE = YES;
				INFOPLIST_FILE = WildDex/Info.plist;
				INFOPLIST_KEY_UIApplicationSceneManifest_Generation = YES;
				INFOPLIST_KEY_UIApplicationSupportsIndirectInputEvents = YES;
				INFOPLIST_KEY_UILaunchScreen_Generation = YES;
				INFOPLIST_KEY_UISupportedInterfaceOrientations = "UIInterfaceOrientationLandscapeLeft UIInterfaceOrientationLandscapeRight UIInterfaceOrientationPortrait";
				INFOPLIST_KEY_UISupportedInterfaceOrientations_iPad = "UIInterfaceOrientationLandscapeLeft UIInterfaceOrientationLandscapeRight UIInterfaceOrientationPortrait UIInterfaceOrientationPortraitUpsideDown";
				LD_RUNPATH_SEARCH_PATHS = (
					"$(inherited)",
					"@executable_path/Frameworks",
				);
				MARKETING_VERSION = 1.0;
				PRODUCT_BUNDLE_IDENTIFIER = AnimalLovers.WildDex;
				PRODUCT_NAME = "$(TARGET_NAME)";
				SWIFT_EMIT_LOC_STRINGS = YES;
				SWIFT_OBJC_BRIDGING_HEADER = "WildDex/WildDex-Bridging-Header.h";
				SWIFT_VERSION = 5.0;
				TARGETED_DEVICE_FAMILY = "1,2";
			};
			name = Release;
		};
/* End XCBuildConfiguration section */

/* Begin XCConfigurationList section */
		C938E9DF2CF3DD5000B33F31 /* Build configuration list for PBXProject "WildDex" */ = {
			isa = XCConfigurationList;
			buildConfigurations = (
				C938E9F02CF3DD5100B33F31 /* Debug */,
				C938E9F12CF3DD5100B33F31 /* Release */,
			);
			defaultConfigurationIsVisible = 0;
			defaultConfigurationName = Release;
		};
		C938E9F22CF3DD5100B33F31 /* Build configuration list for PBXNativeTarget "WildDex" */ = {
			isa = XCConfigurationList;
			buildConfigurations = (
				C938E9F32CF3DD5100B33F31 /* Debug */,
				C938E9F42CF3DD5100B33F31 /* Release */,
			);
			defaultConfigurationIsVisible = 0;
			defaultConfigurationName = Release;
		};
/* End XCConfigurationList section */
	};
	rootObject = C938E9DC2CF3DD5000B33F31 /* Project object */;
}
